
Microsoft Visual Studio Solution File, Format Version 12.00
# Visual Studio 15
Project("{FAE04EC0-301F-11D3-BF4B-00C04F79EFBC}") = "MushroomDetector.Android", "MushroomDetector.Android\MushroomDetector.Android.csproj", "{7C47503B-30EE-4B29-B4A7-D788B1988071}"
EndProject
Project("{FAE04EC0-301F-11D3-BF4B-00C04F79EFBC}") = "MushroomDetector.iOS", "MushroomDetector.iOS\MushroomDetector.iOS.csproj", "{F66BF44C-55D1-479F-B500-7F804BA7AF1F}"
EndProject
Project("{FAE04EC0-301F-11D3-BF4B-00C04F79EFBC}") = "MushroomDetector", "MushroomDetector\MushroomDetector.csproj", "{2C1D8950-95D4-415D-9F20-22D16DDEABFF}"
EndProject
Global
	GlobalSection(SolutionConfigurationPlatforms) = preSolution
		Debug|Any CPU = Debug|Any CPU
		Release|Any CPU = Release|Any CPU
		Debug|iPhoneSimulator = Debug|iPhoneSimulator
		Release|iPhoneSimulator = Release|iPhoneSimulator
		Debug|iPhone = Debug|iPhone
		Release|iPhone = Release|iPhone
	EndGlobalSection
	GlobalSection(ProjectConfigurationPlatforms) = postSolution
		{7C47503B-30EE-4B29-B4A7-D788B1988071}.Debug|Any CPU.ActiveCfg = Debug|Any CPU
		{7C47503B-30EE-4B29-B4A7-D788B1988071}.Debug|Any CPU.Build.0 = Debug|Any CPU
		{7C47503B-30EE-4B29-B4A7-D788B1988071}.Release|Any CPU.ActiveCfg = Release|Any CPU
		{7C47503B-30EE-4B29-B4A7-D788B1988071}.Release|Any CPU.Build.0 = Release|Any CPU
		{7C47503B-30EE-4B29-B4A7-D788B1988071}.Debug|iPhoneSimulator.ActiveCfg = Debug|Any CPU
		{7C47503B-30EE-4B29-B4A7-D788B1988071}.Debug|iPhoneSimulator.Build.0 = Debug|Any CPU
		{7C47503B-30EE-4B29-B4A7-D788B1988071}.Release|iPhoneSimulator.ActiveCfg = Release|Any CPU
		{7C47503B-30EE-4B29-B4A7-D788B1988071}.Release|iPhoneSimulator.Build.0 = Release|Any CPU
		{7C47503B-30EE-4B29-B4A7-D788B1988071}.Debug|iPhone.ActiveCfg = Debug|Any CPU
		{7C47503B-30EE-4B29-B4A7-D788B1988071}.Debug|iPhone.Build.0 = Debug|Any CPU
		{7C47503B-30EE-4B29-B4A7-D788B1988071}.Release|iPhone.ActiveCfg = Release|Any CPU
		{7C47503B-30EE-4B29-B4A7-D788B1988071}.Release|iPhone.Build.0 = Release|Any CPU
		{F66BF44C-55D1-479F-B500-7F804BA7AF1F}.Debug|Any CPU.ActiveCfg = Debug|iPhoneSimulator
		{F66BF44C-55D1-479F-B500-7F804BA7AF1F}.Debug|Any CPU.Build.0 = Debug|iPhoneSimulator
		{F66BF44C-55D1-479F-B500-7F804BA7AF1F}.Release|Any CPU.ActiveCfg = Release|iPhoneSimulator
		{F66BF44C-55D1-479F-B500-7F804BA7AF1F}.Release|Any CPU.Build.0 = Release|iPhoneSimulator
		{F66BF44C-55D1-479F-B500-7F804BA7AF1F}.Debug|iPhoneSimulator.ActiveCfg = Debug|iPhoneSimulator
		{F66BF44C-55D1-479F-B500-7F804BA7AF1F}.Debug|iPhoneSimulator.Build.0 = Debug|iPhoneSimulator
		{F66BF44C-55D1-479F-B500-7F804BA7AF1F}.Release|iPhoneSimulator.ActiveCfg = Release|iPhoneSimulator
		{F66BF44C-55D1-479F-B500-7F804BA7AF1F}.Release|iPhoneSimulator.Build.0 = Release|iPhoneSimulator
		{F66BF44C-55D1-479F-B500-7F804BA7AF1F}.Debug|iPhone.ActiveCfg = Debug|iPhone
		{F66BF44C-55D1-479F-B500-7F804BA7AF1F}.Debug|iPhone.Build.0 = Debug|iPhone
		{F66BF44C-55D1-479F-B500-7F804BA7AF1F}.Release|iPhone.ActiveCfg = Release|iPhone
		{F66BF44C-55D1-479F-B500-7F804BA7AF1F}.Release|iPhone.Build.0 = Release|iPhone
		{2C1D8950-95D4-415D-9F20-22D16DDEABFF}.Debug|Any CPU.ActiveCfg = Debug|Any CPU
		{2C1D8950-95D4-415D-9F20-22D16DDEABFF}.Debug|Any CPU.Build.0 = Debug|Any CPU
		{2C1D8950-95D4-415D-9F20-22D16DDEABFF}.Release|Any CPU.ActiveCfg = Release|Any CPU
		{2C1D8950-95D4-415D-9F20-22D16DDEABFF}.Release|Any CPU.Build.0 = Release|Any CPU
		{2C1D8950-95D4-415D-9F20-22D16DDEABFF}.Debug|iPhoneSimulator.ActiveCfg = Debug|Any CPU
		{2C1D8950-95D4-415D-9F20-22D16DDEABFF}.Debug|iPhoneSimulator.Build.0 = Debug|Any CPU
		{2C1D8950-95D4-415D-9F20-22D16DDEABFF}.Release|iPhoneSimulator.ActiveCfg = Release|Any CPU
		{2C1D8950-95D4-415D-9F20-22D16DDEABFF}.Release|iPhoneSimulator.Build.0 = Release|Any CPU
		{2C1D8950-95D4-415D-9F20-22D16DDEABFF}.Debug|iPhone.ActiveCfg = Debug|Any CPU
		{2C1D8950-95D4-415D-9F20-22D16DDEABFF}.Debug|iPhone.Build.0 = Debug|Any CPU
		{2C1D8950-95D4-415D-9F20-22D16DDEABFF}.Release|iPhone.ActiveCfg = Release|Any CPU
		{2C1D8950-95D4-415D-9F20-22D16DDEABFF}.Release|iPhone.Build.0 = Release|Any CPU
	EndGlobalSection
EndGlobal
